
Microsoft Visual Studio Solution File, Format Version 12.00
# Visual Studio Version 16
VisualStudioVersion = 16.0.31402.337
MinimumVisualStudioVersion = 10.0.40219.1
Project("{9A19103F-16F7-4668-BE54-9A1E7A4F7556}") = "Kafka_Client", "Kafka_Client\Kafka_Client.csproj", "{23B2AD9F-97C0-474A-B405-6F6E07C42839}"
EndProject
Project("{9A19103F-16F7-4668-BE54-9A1E7A4F7556}") = "Kafka_Producer", "Kafka_Producer\Kafka_Producer.csproj", "{3ACA7B9A-482D-4032-BF20-1214D9E89C02}"
EndProject
Global
	GlobalSection(SolutionConfigurationPlatforms) = preSolution
		Debug|Any CPU = Debug|Any CPU
		Release|Any CPU = Release|Any CPU
	EndGlobalSection
	GlobalSection(ProjectConfigurationPlatforms) = postSolution
		{23B2AD9F-97C0-474A-B405-6F6E07C42839}.Debug|Any CPU.ActiveCfg = Debug|Any CPU
		{23B2AD9F-97C0-474A-B405-6F6E07C42839}.Debug|Any CPU.Build.0 = Debug|Any CPU
		{23B2AD9F-97C0-474A-B405-6F6E07C42839}.Release|Any CPU.ActiveCfg = Release|Any CPU
		{23B2AD9F-97C0-474A-B405-6F6E07C42839}.Release|Any CPU.Build.0 = Release|Any CPU
		{3ACA7B9A-482D-4032-BF20-1214D9E89C02}.Debug|Any CPU.ActiveCfg = Debug|Any CPU
		{3ACA7B9A-482D-4032-BF20-1214D9E89C02}.Debug|Any CPU.Build.0 = Debug|Any CPU
		{3ACA7B9A-482D-4032-BF20-1214D9E89C02}.Release|Any CPU.ActiveCfg = Release|Any CPU
		{3ACA7B9A-482D-4032-BF20-1214D9E89C02}.Release|Any CPU.Build.0 = Release|Any CPU
	EndGlobalSection
	GlobalSection(SolutionProperties) = preSolution
		HideSolutionNode = FALSE
	EndGlobalSection
	GlobalSection(ExtensibilityGlobals) = postSolution
		SolutionGuid = {ADA28BBD-7CFC-4450-AE4B-F21BDA07DFCC}
	EndGlobalSection
EndGlobal
